
Microsoft Visual Studio Solution File, Format Version 12.00
# Visual Studio Version 16
VisualStudioVersion = 16.0.30204.135
MinimumVisualStudioVersion = 10.0.40219.1
Project("{FAE04EC0-301F-11D3-BF4B-00C04F79EFBC}") = "CSR.Log", "CSR.Log\CSR.Log.csproj", "{923E184E-4CDB-47CE-B95B-4831459236D2}"
EndProject
Project("{FAE04EC0-301F-11D3-BF4B-00C04F79EFBC}") = "CSR.Data", "CSR.Data\CSR.Data.csproj", "{C7030DB5-14D4-4921-AED2-D054FE93FCFF}"
EndProject
Project("{FAE04EC0-301F-11D3-BF4B-00C04F79EFBC}") = "CSR.Model", "CSR.Model\CSR.Model.csproj", "{472DABD9-2FB5-4F27-BF9B-F2A715494F12}"
EndProject
Global
	GlobalSection(SolutionConfigurationPlatforms) = preSolution
		Debug|Any CPU = Debug|Any CPU
		Release|Any CPU = Release|Any CPU
	EndGlobalSection
	GlobalSection(ProjectConfigurationPlatforms) = postSolution
		{923E184E-4CDB-47CE-B95B-4831459236D2}.Debug|Any CPU.ActiveCfg = Debug|Any CPU
		{923E184E-4CDB-47CE-B95B-4831459236D2}.Debug|Any CPU.Build.0 = Debug|Any CPU
		{923E184E-4CDB-47CE-B95B-4831459236D2}.Release|Any CPU.ActiveCfg = Release|Any CPU
		{923E184E-4CDB-47CE-B95B-4831459236D2}.Release|Any CPU.Build.0 = Release|Any CPU
		{C7030DB5-14D4-4921-AED2-D054FE93FCFF}.Debug|Any CPU.ActiveCfg = Debug|Any CPU
		{C7030DB5-14D4-4921-AED2-D054FE93FCFF}.Debug|Any CPU.Build.0 = Debug|Any CPU
		{C7030DB5-14D4-4921-AED2-D054FE93FCFF}.Release|Any CPU.ActiveCfg = Release|Any CPU
		{C7030DB5-14D4-4921-AED2-D054FE93FCFF}.Release|Any CPU.Build.0 = Release|Any CPU
		{472DABD9-2FB5-4F27-BF9B-F2A715494F12}.Debug|Any CPU.ActiveCfg = Debug|Any CPU
		{472DABD9-2FB5-4F27-BF9B-F2A715494F12}.Debug|Any CPU.Build.0 = Debug|Any CPU
		{472DABD9-2FB5-4F27-BF9B-F2A715494F12}.Release|Any CPU.ActiveCfg = Release|Any CPU
		{472DABD9-2FB5-4F27-BF9B-F2A715494F12}.Release|Any CPU.Build.0 = Release|Any CPU
	EndGlobalSection
	GlobalSection(SolutionProperties) = preSolution
		HideSolutionNode = FALSE
	EndGlobalSection
	GlobalSection(ExtensibilityGlobals) = postSolution
		SolutionGuid = {B0A1717D-280A-4B2B-AF56-763259BFD4B3}
	EndGlobalSection
EndGlobal
